
Microsoft Visual Studio Solution File, Format Version 12.00
Project("{FAE04EC0-301F-11D3-BF4B-00C04F79EFBC}") = "ContactManagement", "ContactManagement\ContactManagement.csproj", "{9800FBA0-B282-4851-A874-FF3A1703467F}"
EndProject
Project("{FAE04EC0-301F-11D3-BF4B-00C04F79EFBC}") = "ContactManagement.Tests", "ContactManagement.Tests\ContactManagement.Tests.csproj", "{A270E6D6-0EDA-4AC2-A36D-7092892AEAB4}"
EndProject
Global
	GlobalSection(SolutionConfigurationPlatforms) = preSolution
		Debug|Any CPU = Debug|Any CPU
		Release|Any CPU = Release|Any CPU
	EndGlobalSection
	GlobalSection(ProjectConfigurationPlatforms) = postSolution
		{9800FBA0-B282-4851-A874-FF3A1703467F}.Debug|Any CPU.ActiveCfg = Debug|Any CPU
		{9800FBA0-B282-4851-A874-FF3A1703467F}.Debug|Any CPU.Build.0 = Debug|Any CPU
		{9800FBA0-B282-4851-A874-FF3A1703467F}.Release|Any CPU.ActiveCfg = Release|Any CPU
		{9800FBA0-B282-4851-A874-FF3A1703467F}.Release|Any CPU.Build.0 = Release|Any CPU
		{A270E6D6-0EDA-4AC2-A36D-7092892AEAB4}.Debug|Any CPU.ActiveCfg = Debug|Any CPU
		{A270E6D6-0EDA-4AC2-A36D-7092892AEAB4}.Debug|Any CPU.Build.0 = Debug|Any CPU
		{A270E6D6-0EDA-4AC2-A36D-7092892AEAB4}.Release|Any CPU.ActiveCfg = Release|Any CPU
		{A270E6D6-0EDA-4AC2-A36D-7092892AEAB4}.Release|Any CPU.Build.0 = Release|Any CPU
	EndGlobalSection
EndGlobal
